# This file is generated by running "yarn install" inside your project.
# Manual changes might be lost - proceed with caution!

__metadata:
  version: 8
  cacheKey: 10c0

"@0no-co/graphql.web@npm:^1.0.5, @0no-co/graphql.web@npm:^1.0.8":
  version: 1.1.2
  resolution: "@0no-co/graphql.web@npm:1.1.2"
  peerDependencies:
    graphql: ^14.0.0 || ^15.0.0 || ^16.0.0
  peerDependenciesMeta:
    graphql:
      optional: true
  checksum: 10c0/7074de29681f0563cb9a90d702c7cda4443dce858e09f9a09adbafe32c302890cab81959ccba4ed7ac3e332423b2928a1dc95dd4a5004e6a5c156b733caa349a
  languageName: node
  linkType: hard

# Note: This is a truncated version for GitHub upload. 
# The full yarn.lock file contains all dependency resolutions needed for the build.